
Microsoft Visual Studio Solution File, Format Version 12.00
# Visual Studio Version 16
VisualStudioVersion = 16.0.29709.97
MinimumVisualStudioVersion = 10.0.40219.1
Project("{2150E333-8FDC-42A3-9474-1A3956D46DE8}") = "1-Presentation", "1-Presentation", "{E2DD35C1-DE9A-40E5-9B10-D1A72A6C40FE}"
EndProject
Project("{2150E333-8FDC-42A3-9474-1A3956D46DE8}") = "2-Services", "2-Services", "{99A691EF-3D59-427A-BDB0-A4E811F3EFFC}"
EndProject
Project("{2150E333-8FDC-42A3-9474-1A3956D46DE8}") = "3-Application", "3-Application", "{B113E3E4-22A8-4B13-B422-2FC000F97F9C}"
EndProject
Project("{9A19103F-16F7-4668-BE54-9A1E7A4F7556}") = "Asmin.Entities", "Asmin.Entities\Asmin.Entities.csproj", "{29A5D47E-945B-47E3-998F-DA56F49B64C8}"
EndProject
Project("{9A19103F-16F7-4668-BE54-9A1E7A4F7556}") = "Asmin.DataAccess", "Asmin.DataAccess\Asmin.DataAccess.csproj", "{73B03256-CCD8-4D1F-BFD3-C08487DB244E}"
EndProject
Project("{9A19103F-16F7-4668-BE54-9A1E7A4F7556}") = "Asmin.Business", "Asmin.Business\Asmin.Business.csproj", "{A1CDA522-C5E5-452A-9DBD-AFC5842B9526}"
EndProject
Project("{9A19103F-16F7-4668-BE54-9A1E7A4F7556}") = "Asmin.Core", "Asmin.Core\Asmin.Core.csproj", "{697FB2E5-29A0-4D03-A93E-E5D5576E8D98}"
EndProject
Project("{9A19103F-16F7-4668-BE54-9A1E7A4F7556}") = "Asmin.WebAPI", "Asmin.WebAPI\Asmin.WebAPI.csproj", "{3543A1CD-E3B2-4661-9753-49855BD54D0E}"
EndProject
Global
	GlobalSection(SolutionConfigurationPlatforms) = preSolution
		Debug|Any CPU = Debug|Any CPU
		Release|Any CPU = Release|Any CPU
	EndGlobalSection
	GlobalSection(ProjectConfigurationPlatforms) = postSolution
		{29A5D47E-945B-47E3-998F-DA56F49B64C8}.Debug|Any CPU.ActiveCfg = Debug|Any CPU
		{29A5D47E-945B-47E3-998F-DA56F49B64C8}.Debug|Any CPU.Build.0 = Debug|Any CPU
		{29A5D47E-945B-47E3-998F-DA56F49B64C8}.Release|Any CPU.ActiveCfg = Release|Any CPU
		{29A5D47E-945B-47E3-998F-DA56F49B64C8}.Release|Any CPU.Build.0 = Release|Any CPU
		{73B03256-CCD8-4D1F-BFD3-C08487DB244E}.Debug|Any CPU.ActiveCfg = Debug|Any CPU
		{73B03256-CCD8-4D1F-BFD3-C08487DB244E}.Debug|Any CPU.Build.0 = Debug|Any CPU
		{73B03256-CCD8-4D1F-BFD3-C08487DB244E}.Release|Any CPU.ActiveCfg = Release|Any CPU
		{73B03256-CCD8-4D1F-BFD3-C08487DB244E}.Release|Any CPU.Build.0 = Release|Any CPU
		{A1CDA522-C5E5-452A-9DBD-AFC5842B9526}.Debug|Any CPU.ActiveCfg = Debug|Any CPU
		{A1CDA522-C5E5-452A-9DBD-AFC5842B9526}.Debug|Any CPU.Build.0 = Debug|Any CPU
		{A1CDA522-C5E5-452A-9DBD-AFC5842B9526}.Release|Any CPU.ActiveCfg = Release|Any CPU
		{A1CDA522-C5E5-452A-9DBD-AFC5842B9526}.Release|Any CPU.Build.0 = Release|Any CPU
		{697FB2E5-29A0-4D03-A93E-E5D5576E8D98}.Debug|Any CPU.ActiveCfg = Debug|Any CPU
		{697FB2E5-29A0-4D03-A93E-E5D5576E8D98}.Debug|Any CPU.Build.0 = Debug|Any CPU
		{697FB2E5-29A0-4D03-A93E-E5D5576E8D98}.Release|Any CPU.ActiveCfg = Release|Any CPU
		{697FB2E5-29A0-4D03-A93E-E5D5576E8D98}.Release|Any CPU.Build.0 = Release|Any CPU
		{3543A1CD-E3B2-4661-9753-49855BD54D0E}.Debug|Any CPU.ActiveCfg = Debug|Any CPU
		{3543A1CD-E3B2-4661-9753-49855BD54D0E}.Debug|Any CPU.Build.0 = Debug|Any CPU
		{3543A1CD-E3B2-4661-9753-49855BD54D0E}.Release|Any CPU.ActiveCfg = Release|Any CPU
		{3543A1CD-E3B2-4661-9753-49855BD54D0E}.Release|Any CPU.Build.0 = Release|Any CPU
	EndGlobalSection
	GlobalSection(SolutionProperties) = preSolution
		HideSolutionNode = FALSE
	EndGlobalSection
	GlobalSection(NestedProjects) = preSolution
		{29A5D47E-945B-47E3-998F-DA56F49B64C8} = {B113E3E4-22A8-4B13-B422-2FC000F97F9C}
		{73B03256-CCD8-4D1F-BFD3-C08487DB244E} = {B113E3E4-22A8-4B13-B422-2FC000F97F9C}
		{A1CDA522-C5E5-452A-9DBD-AFC5842B9526} = {B113E3E4-22A8-4B13-B422-2FC000F97F9C}
		{697FB2E5-29A0-4D03-A93E-E5D5576E8D98} = {B113E3E4-22A8-4B13-B422-2FC000F97F9C}
		{3543A1CD-E3B2-4661-9753-49855BD54D0E} = {99A691EF-3D59-427A-BDB0-A4E811F3EFFC}
	EndGlobalSection
	GlobalSection(ExtensibilityGlobals) = postSolution
		SolutionGuid = {0B8973CD-3F42-4F38-BDE7-5CC5F12C8B22}
	EndGlobalSection
EndGlobal
